schema: '2.0'
stages:
  prepare:
    cmd: python scripts/update_epl_data.py
    deps:
    - path: data/final_dataset.csv
      hash: md5
      md5: 33a9263ed06f8da2d409affcb67a52b3
      size: 1319348
    - path: scripts/update_epl_data.py
      hash: md5
      md5: 6d9a9ab3bb36e81eea21bd042e585fa0
      size: 5238
    params:
      params.yaml:
        features.chi2percentile: 50
        features.data_path: data/final_dataset.csv
    outs:
    - path: data/pipeline.pkl
      hash: md5
      md5: 7f04baababea2636fa94a09c1e408ac0
      size: 23641
    - path: data/processed_test.csv
      hash: md5
      md5: 40603851b15f052645e507157a66be02
      size: 165675
    - path: data/processed_train.csv
      hash: md5
      md5: 951befca3fa61a9e2f3cdf4aa85e597a
      size: 666795
