schema: '2.0'
stages:
  prepare:
    cmd: python scripts/update_epl_data.py
    deps:
    - path: data/final_dataset.csv
      hash: md5
      md5: 33a9263ed06f8da2d409affcb67a52b3
      size: 1319348
    - path: scripts/update_epl_data.py
      hash: md5
      md5: 56fd213dc691a5b56ed619878e9d5687
      size: 11875
    params:
      params.yaml:
        features.chi2percentile: 75
        features.data_path: data/final_dataset.csv
    outs:
    - path: data/processed_test.csv
      hash: md5
      md5: 0e491a006ae7c0482dbec7522d5e045b
      size: 1219490
    - path: data/processed_train.csv
      hash: md5
      md5: eda9f0137362cc34a2c81b479019084d
      size: 4875025
